
Microsoft Visual Studio Solution File, Format Version 12.00
# Visual Studio 2012
Project("{FAE04EC0-301F-11D3-BF4B-00C04F79EFBC}") = "Lista", "Lista.csproj", "{513CF677-FA42-4327-8324-9C25CF5D7ADC}"
EndProject
Project("{FAE04EC0-301F-11D3-BF4B-00C04F79EFBC}") = "UnitTestProject1", "..\UnitTestProject1\UnitTestProject1.csproj", "{F26F0BFF-8C97-4F4C-BEB7-1DC3A5297521}"
EndProject
Global
	GlobalSection(SolutionConfigurationPlatforms) = preSolution
		Debug|Any CPU = Debug|Any CPU
		Release|Any CPU = Release|Any CPU
	EndGlobalSection
	GlobalSection(ProjectConfigurationPlatforms) = postSolution
		{513CF677-FA42-4327-8324-9C25CF5D7ADC}.Debug|Any CPU.ActiveCfg = Debug|Any CPU
		{513CF677-FA42-4327-8324-9C25CF5D7ADC}.Debug|Any CPU.Build.0 = Debug|Any CPU
		{513CF677-FA42-4327-8324-9C25CF5D7ADC}.Release|Any CPU.ActiveCfg = Release|Any CPU
		{513CF677-FA42-4327-8324-9C25CF5D7ADC}.Release|Any CPU.Build.0 = Release|Any CPU
		{F26F0BFF-8C97-4F4C-BEB7-1DC3A5297521}.Debug|Any CPU.ActiveCfg = Debug|Any CPU
		{F26F0BFF-8C97-4F4C-BEB7-1DC3A5297521}.Debug|Any CPU.Build.0 = Debug|Any CPU
		{F26F0BFF-8C97-4F4C-BEB7-1DC3A5297521}.Release|Any CPU.ActiveCfg = Release|Any CPU
		{F26F0BFF-8C97-4F4C-BEB7-1DC3A5297521}.Release|Any CPU.Build.0 = Release|Any CPU
	EndGlobalSection
	GlobalSection(SolutionProperties) = preSolution
		HideSolutionNode = FALSE
	EndGlobalSection
EndGlobal
