
Microsoft Visual Studio Solution File, Format Version 12.00
# Visual Studio 14
VisualStudioVersion = 14.0.25420.1
MinimumVisualStudioVersion = 10.0.40219.1
Project("{FAE04EC0-301F-11D3-BF4B-00C04F79EFBC}") = "Lab06Test", "UnitTestProject1\Lab06Test.csproj", "{8471EA92-D210-4929-A4D4-2899E20EEC4C}"
EndProject
Project("{FAE04EC0-301F-11D3-BF4B-00C04F79EFBC}") = "Clases", "ClassLibrary1\Clases.csproj", "{D8F8DD8F-BC0D-4112-B1E9-0063F7864194}"
EndProject
Global
	GlobalSection(SolutionConfigurationPlatforms) = preSolution
		Debug|Any CPU = Debug|Any CPU
		Release|Any CPU = Release|Any CPU
	EndGlobalSection
	GlobalSection(ProjectConfigurationPlatforms) = postSolution
		{8471EA92-D210-4929-A4D4-2899E20EEC4C}.Debug|Any CPU.ActiveCfg = Debug|Any CPU
		{8471EA92-D210-4929-A4D4-2899E20EEC4C}.Debug|Any CPU.Build.0 = Debug|Any CPU
		{8471EA92-D210-4929-A4D4-2899E20EEC4C}.Release|Any CPU.ActiveCfg = Release|Any CPU
		{8471EA92-D210-4929-A4D4-2899E20EEC4C}.Release|Any CPU.Build.0 = Release|Any CPU
		{D8F8DD8F-BC0D-4112-B1E9-0063F7864194}.Debug|Any CPU.ActiveCfg = Debug|Any CPU
		{D8F8DD8F-BC0D-4112-B1E9-0063F7864194}.Debug|Any CPU.Build.0 = Debug|Any CPU
		{D8F8DD8F-BC0D-4112-B1E9-0063F7864194}.Release|Any CPU.ActiveCfg = Release|Any CPU
		{D8F8DD8F-BC0D-4112-B1E9-0063F7864194}.Release|Any CPU.Build.0 = Release|Any CPU
	EndGlobalSection
	GlobalSection(SolutionProperties) = preSolution
		HideSolutionNode = FALSE
	EndGlobalSection
EndGlobal
