
Microsoft Visual Studio Solution File, Format Version 12.00
# Visual Studio 14
VisualStudioVersion = 14.0.25420.1
MinimumVisualStudioVersion = 10.0.40219.1
Project("{FAE04EC0-301F-11D3-BF4B-00C04F79EFBC}") = "procesos.hilos", "procesos.hilos\procesos.hilos.csproj", "{69BC0F7B-BD94-4B48-8A36-FAFE464E14BE}"
EndProject
Project("{FAE04EC0-301F-11D3-BF4B-00C04F79EFBC}") = "creacion.hilos", "creacion.hilos\creacion.hilos.csproj", "{EFA14994-258D-4F8B-81CF-C3D8073741D7}"
EndProject
Project("{FAE04EC0-301F-11D3-BF4B-00C04F79EFBC}") = "modulo.vector", "modulo.vector\modulo.vector.csproj", "{57B5FCBA-4521-406A-ABED-8BFC2D9210CF}"
EndProject
Project("{FAE04EC0-301F-11D3-BF4B-00C04F79EFBC}") = "context.switching", "context.switching\context.switching.csproj", "{5E357384-7317-43F9-ADB9-52ADB939B168}"
EndProject
Global
	GlobalSection(SolutionConfigurationPlatforms) = preSolution
		Debug|x86 = Debug|x86
		Release|x86 = Release|x86
	EndGlobalSection
	GlobalSection(ProjectConfigurationPlatforms) = postSolution
		{69BC0F7B-BD94-4B48-8A36-FAFE464E14BE}.Debug|x86.ActiveCfg = Debug|x86
		{69BC0F7B-BD94-4B48-8A36-FAFE464E14BE}.Debug|x86.Build.0 = Debug|x86
		{69BC0F7B-BD94-4B48-8A36-FAFE464E14BE}.Release|x86.ActiveCfg = Release|x86
		{69BC0F7B-BD94-4B48-8A36-FAFE464E14BE}.Release|x86.Build.0 = Release|x86
		{EFA14994-258D-4F8B-81CF-C3D8073741D7}.Debug|x86.ActiveCfg = Debug|x86
		{EFA14994-258D-4F8B-81CF-C3D8073741D7}.Debug|x86.Build.0 = Debug|x86
		{EFA14994-258D-4F8B-81CF-C3D8073741D7}.Release|x86.ActiveCfg = Release|x86
		{EFA14994-258D-4F8B-81CF-C3D8073741D7}.Release|x86.Build.0 = Release|x86
		{57B5FCBA-4521-406A-ABED-8BFC2D9210CF}.Debug|x86.ActiveCfg = Debug|x86
		{57B5FCBA-4521-406A-ABED-8BFC2D9210CF}.Debug|x86.Build.0 = Debug|x86
		{57B5FCBA-4521-406A-ABED-8BFC2D9210CF}.Release|x86.ActiveCfg = Release|x86
		{57B5FCBA-4521-406A-ABED-8BFC2D9210CF}.Release|x86.Build.0 = Release|x86
		{5E357384-7317-43F9-ADB9-52ADB939B168}.Debug|x86.ActiveCfg = Debug|x86
		{5E357384-7317-43F9-ADB9-52ADB939B168}.Debug|x86.Build.0 = Debug|x86
		{5E357384-7317-43F9-ADB9-52ADB939B168}.Release|x86.ActiveCfg = Release|x86
		{5E357384-7317-43F9-ADB9-52ADB939B168}.Release|x86.Build.0 = Release|x86
	EndGlobalSection
	GlobalSection(SolutionProperties) = preSolution
		HideSolutionNode = FALSE
	EndGlobalSection
EndGlobal
