
Microsoft Visual Studio Solution File, Format Version 12.00
# Visual Studio 14
VisualStudioVersion = 14.0.25420.1
MinimumVisualStudioVersion = 10.0.40219.1
Project("{FAE04EC0-301F-11D3-BF4B-00C04F79EFBC}") = "ListaEnlazadaSesion01", "ListaEnlazadaSesion01.csproj", "{D7675081-9AD2-40F3-9DB8-6BF757C03270}"
EndProject
Project("{FAE04EC0-301F-11D3-BF4B-00C04F79EFBC}") = "Test", "..\Test\Test.csproj", "{A961BF41-AD7E-436D-B4C7-667014F4D243}"
EndProject
Global
	GlobalSection(SolutionConfigurationPlatforms) = preSolution
		Debug|Any CPU = Debug|Any CPU
		Release|Any CPU = Release|Any CPU
	EndGlobalSection
	GlobalSection(ProjectConfigurationPlatforms) = postSolution
		{D7675081-9AD2-40F3-9DB8-6BF757C03270}.Debug|Any CPU.ActiveCfg = Debug|Any CPU
		{D7675081-9AD2-40F3-9DB8-6BF757C03270}.Debug|Any CPU.Build.0 = Debug|Any CPU
		{D7675081-9AD2-40F3-9DB8-6BF757C03270}.Release|Any CPU.ActiveCfg = Release|Any CPU
		{D7675081-9AD2-40F3-9DB8-6BF757C03270}.Release|Any CPU.Build.0 = Release|Any CPU
		{A961BF41-AD7E-436D-B4C7-667014F4D243}.Debug|Any CPU.ActiveCfg = Debug|Any CPU
		{A961BF41-AD7E-436D-B4C7-667014F4D243}.Debug|Any CPU.Build.0 = Debug|Any CPU
		{A961BF41-AD7E-436D-B4C7-667014F4D243}.Release|Any CPU.ActiveCfg = Release|Any CPU
		{A961BF41-AD7E-436D-B4C7-667014F4D243}.Release|Any CPU.Build.0 = Release|Any CPU
	EndGlobalSection
	GlobalSection(SolutionProperties) = preSolution
		HideSolutionNode = FALSE
	EndGlobalSection
EndGlobal
