
Microsoft Visual Studio Solution File, Format Version 12.00
# Visual Studio 14
VisualStudioVersion = 14.0.25420.1
MinimumVisualStudioVersion = 10.0.40219.1
Project("{FAE04EC0-301F-11D3-BF4B-00C04F79EFBC}") = "LorenzoGonzalezDavid.Examen1", "LorenzoGonzalezDavid.Examen1\LorenzoGonzalezDavid.Examen1.csproj", "{952EC9FE-9485-4AA4-A76C-435291D9708E}"
EndProject
Project("{FAE04EC0-301F-11D3-BF4B-00C04F79EFBC}") = "EjerciciosExamen", "EjerciciosExamen\EjerciciosExamen.csproj", "{EB1CECEB-9E55-41E1-8E99-D494322988C3}"
EndProject
Project("{FAE04EC0-301F-11D3-BF4B-00C04F79EFBC}") = "Ejercicio4PLINQ", "Ejercicio4PLINQ\Ejercicio4PLINQ.csproj", "{245B8E6B-F307-4A0C-A910-BDD6D73B2010}"
EndProject
Project("{FAE04EC0-301F-11D3-BF4B-00C04F79EFBC}") = "Ej3.MasterWorker", "Ej3.MasterWorker\Ej3.MasterWorker.csproj", "{DF3A8C10-F362-4F7B-B17E-33DB86542C43}"
EndProject
Global
	GlobalSection(SolutionConfigurationPlatforms) = preSolution
		Debug|Any CPU = Debug|Any CPU
		Release|Any CPU = Release|Any CPU
	EndGlobalSection
	GlobalSection(ProjectConfigurationPlatforms) = postSolution
		{952EC9FE-9485-4AA4-A76C-435291D9708E}.Debug|Any CPU.ActiveCfg = Debug|Any CPU
		{952EC9FE-9485-4AA4-A76C-435291D9708E}.Debug|Any CPU.Build.0 = Debug|Any CPU
		{952EC9FE-9485-4AA4-A76C-435291D9708E}.Release|Any CPU.ActiveCfg = Release|Any CPU
		{952EC9FE-9485-4AA4-A76C-435291D9708E}.Release|Any CPU.Build.0 = Release|Any CPU
		{EB1CECEB-9E55-41E1-8E99-D494322988C3}.Debug|Any CPU.ActiveCfg = Debug|Any CPU
		{EB1CECEB-9E55-41E1-8E99-D494322988C3}.Debug|Any CPU.Build.0 = Debug|Any CPU
		{EB1CECEB-9E55-41E1-8E99-D494322988C3}.Release|Any CPU.ActiveCfg = Release|Any CPU
		{EB1CECEB-9E55-41E1-8E99-D494322988C3}.Release|Any CPU.Build.0 = Release|Any CPU
		{245B8E6B-F307-4A0C-A910-BDD6D73B2010}.Debug|Any CPU.ActiveCfg = Debug|Any CPU
		{245B8E6B-F307-4A0C-A910-BDD6D73B2010}.Debug|Any CPU.Build.0 = Debug|Any CPU
		{245B8E6B-F307-4A0C-A910-BDD6D73B2010}.Release|Any CPU.ActiveCfg = Release|Any CPU
		{245B8E6B-F307-4A0C-A910-BDD6D73B2010}.Release|Any CPU.Build.0 = Release|Any CPU
		{DF3A8C10-F362-4F7B-B17E-33DB86542C43}.Debug|Any CPU.ActiveCfg = Debug|Any CPU
		{DF3A8C10-F362-4F7B-B17E-33DB86542C43}.Debug|Any CPU.Build.0 = Debug|Any CPU
		{DF3A8C10-F362-4F7B-B17E-33DB86542C43}.Release|Any CPU.ActiveCfg = Release|Any CPU
		{DF3A8C10-F362-4F7B-B17E-33DB86542C43}.Release|Any CPU.Build.0 = Release|Any CPU
	EndGlobalSection
	GlobalSection(SolutionProperties) = preSolution
		HideSolutionNode = FALSE
	EndGlobalSection
EndGlobal
